
Microsoft Visual Studio Solution File, Format Version 12.00
# Visual Studio Version 16
VisualStudioVersion = 16.0.29709.97
MinimumVisualStudioVersion = 10.0.40219.1
Project("{FAE04EC0-301F-11D3-BF4B-00C04F79EFBC}") = "MEF_Injection", "MEF_Injection\MEF_Injection.csproj", "{D8AEB3E8-9005-4D22-A363-3CEE976A0FAF}"
EndProject
Global
	GlobalSection(SolutionConfigurationPlatforms) = preSolution
		Debug|Any CPU = Debug|Any CPU
		Release|Any CPU = Release|Any CPU
	EndGlobalSection
	GlobalSection(ProjectConfigurationPlatforms) = postSolution
		{D8AEB3E8-9005-4D22-A363-3CEE976A0FAF}.Debug|Any CPU.ActiveCfg = Debug|Any CPU
		{D8AEB3E8-9005-4D22-A363-3CEE976A0FAF}.Debug|Any CPU.Build.0 = Debug|Any CPU
		{D8AEB3E8-9005-4D22-A363-3CEE976A0FAF}.Release|Any CPU.ActiveCfg = Release|Any CPU
		{D8AEB3E8-9005-4D22-A363-3CEE976A0FAF}.Release|Any CPU.Build.0 = Release|Any CPU
	EndGlobalSection
	GlobalSection(SolutionProperties) = preSolution
		HideSolutionNode = FALSE
	EndGlobalSection
	GlobalSection(ExtensibilityGlobals) = postSolution
		SolutionGuid = {75C1EBDB-135D-49C9-985C-484F8ACE224D}
	EndGlobalSection
EndGlobal
